
Microsoft Visual Studio Solution File, Format Version 12.00
# Visual Studio Version 16
VisualStudioVersion = 16.0.31702.278
MinimumVisualStudioVersion = 10.0.40219.1
Project("{FAE04EC0-301F-11D3-BF4B-00C04F79EFBC}") = "ComputerVision", "ComputerVision\ComputerVision.csproj", "{3C5AE6BA-D89A-44DE-B35B-D64C273CAF12}"
EndProject
Global
	GlobalSection(SolutionConfigurationPlatforms) = preSolution
		Debug|Any CPU = Debug|Any CPU
		Release|Any CPU = Release|Any CPU
	EndGlobalSection
	GlobalSection(ProjectConfigurationPlatforms) = postSolution
		{3C5AE6BA-D89A-44DE-B35B-D64C273CAF12}.Debug|Any CPU.ActiveCfg = Debug|Any CPU
		{3C5AE6BA-D89A-44DE-B35B-D64C273CAF12}.Debug|Any CPU.Build.0 = Debug|Any CPU
		{3C5AE6BA-D89A-44DE-B35B-D64C273CAF12}.Release|Any CPU.ActiveCfg = Release|Any CPU
		{3C5AE6BA-D89A-44DE-B35B-D64C273CAF12}.Release|Any CPU.Build.0 = Release|Any CPU
	EndGlobalSection
	GlobalSection(SolutionProperties) = preSolution
		HideSolutionNode = FALSE
	EndGlobalSection
	GlobalSection(ExtensibilityGlobals) = postSolution
		SolutionGuid = {9D02FFC2-57AD-40EA-803E-5D0F0D8CC715}
	EndGlobalSection
EndGlobal
